// !$*UTF8*$!
{
	archiveVersion = 1;
	classes = {
	};
	objectVersion = 50;
	objects = {

/* Begin PBXBuildFile section */
		053F365F22E892C5003BD8AC /* Interrupts.cpp in Sources */ = {isa = PBXBuildFile; fileRef = 053F365D22E892C5003BD8AC /* Interrupts.cpp */; };
		058182F622E8CC1F008D1BFF /* String.cpp in Sources */ = {isa = PBXBuildFile; fileRef = 058182F422E8CC1F008D1BFF /* String.cpp */; };
		058D772922E8B7F100FA58A4 /* Machine.cpp in Sources */ = {isa = PBXBuildFile; fileRef = 058D772722E8B7F100FA58A4 /* Machine.cpp */; };
		05B2813322E77AC700110404 /* main.cpp in Sources */ = {isa = PBXBuildFile; fileRef = 05B2813222E77AC700110404 /* main.cpp */; };
		05B2818722E78B7400110404 /* Engine.cpp in Sources */ = {isa = PBXBuildFile; fileRef = 05B2818622E78B7400110404 /* Engine.cpp */; };
		05B2818A22E7AA5300110404 /* Arguments.cpp in Sources */ = {isa = PBXBuildFile; fileRef = 05B2818922E7AA5300110404 /* Arguments.cpp */; };
		05B2818F22E7AC1300110404 /* Image.cpp in Sources */ = {isa = PBXBuildFile; fileRef = 05B2818D22E7AC1300110404 /* Image.cpp */; };
		05B2819222E7AE8300110404 /* MBR.cpp in Sources */ = {isa = PBXBuildFile; fileRef = 05B2819022E7AE8300110404 /* MBR.cpp */; };
		05B2819922E7AF1A00110404 /* BinaryDataStream.cpp in Sources */ = {isa = PBXBuildFile; fileRef = 05B2819322E7AF1A00110404 /* BinaryDataStream.cpp */; };
		05B2819A22E7AF1A00110404 /* BinaryFileStream.cpp in Sources */ = {isa = PBXBuildFile; fileRef = 05B2819422E7AF1A00110404 /* BinaryFileStream.cpp */; };
		05B2819B22E7AF1A00110404 /* BinaryStream.cpp in Sources */ = {isa = PBXBuildFile; fileRef = 05B2819622E7AF1A00110404 /* BinaryStream.cpp */; };
/* End PBXBuildFile section */

/* Begin PBXCopyFilesBuildPhase section */
		05B2812D22E77AC700110404 /* CopyFiles */ = {
			isa = PBXCopyFilesBuildPhase;
			buildActionMask = 2147483647;
			dstPath = /usr/share/man/man1/;
			dstSubfolderSpec = 0;
			files = (
			);
			runOnlyForDeploymentPostprocessing = 1;
		};
/* End PBXCopyFilesBuildPhase section */

/* Begin PBXFileReference section */
		053F365D22E892C5003BD8AC /* Interrupts.cpp */ = {isa = PBXFileReference; lastKnownFileType = sourcecode.cpp.cpp; path = Interrupts.cpp; sourceTree = "<group>"; };
		053F365E22E892C5003BD8AC /* Interrupts.hpp */ = {isa = PBXFileReference; lastKnownFileType = sourcecode.cpp.h; path = Interrupts.hpp; sourceTree = "<group>"; };
		058182F422E8CC1F008D1BFF /* String.cpp */ = {isa = PBXFileReference; fileEncoding = 4; lastKnownFileType = sourcecode.cpp.cpp; path = String.cpp; sourceTree = "<group>"; };
		058182F522E8CC1F008D1BFF /* String.hpp */ = {isa = PBXFileReference; fileEncoding = 4; lastKnownFileType = sourcecode.cpp.h; path = String.hpp; sourceTree = "<group>"; };
		058D772722E8B7F100FA58A4 /* Machine.cpp */ = {isa = PBXFileReference; lastKnownFileType = sourcecode.cpp.cpp; path = Machine.cpp; sourceTree = "<group>"; };
		058D772822E8B7F100FA58A4 /* Machine.hpp */ = {isa = PBXFileReference; lastKnownFileType = sourcecode.cpp.h; path = Machine.hpp; sourceTree = "<group>"; };
		05B2812F22E77AC700110404 /* unicorn-bios */ = {isa = PBXFileReference; explicitFileType = "compiled.mach-o.executable"; includeInIndex = 0; path = "unicorn-bios"; sourceTree = BUILT_PRODUCTS_DIR; };
		05B2813222E77AC700110404 /* main.cpp */ = {isa = PBXFileReference; lastKnownFileType = sourcecode.cpp.cpp; path = main.cpp; sourceTree = "<group>"; };
		05B2815322E78A0300110404 /* Release - ccache.xcconfig */ = {isa = PBXFileReference; lastKnownFileType = text.xcconfig; path = "Release - ccache.xcconfig"; sourceTree = "<group>"; };
		05B2815422E78A0300110404 /* Common.xcconfig */ = {isa = PBXFileReference; lastKnownFileType = text.xcconfig; path = Common.xcconfig; sourceTree = "<group>"; };
		05B2815522E78A0300110404 /* Debug - ccache.xcconfig */ = {isa = PBXFileReference; lastKnownFileType = text.xcconfig; path = "Debug - ccache.xcconfig"; sourceTree = "<group>"; };
		05B2815622E78A0300110404 /* Debug.xcconfig */ = {isa = PBXFileReference; lastKnownFileType = text.xcconfig; path = Debug.xcconfig; sourceTree = "<group>"; };
		05B2815722E78A0300110404 /* Release.xcconfig */ = {isa = PBXFileReference; lastKnownFileType = text.xcconfig; path = Release.xcconfig; sourceTree = "<group>"; };
		05B2815822E78A0300110404 /* README.md */ = {isa = PBXFileReference; lastKnownFileType = net.daringfireball.markdown; path = README.md; sourceTree = "<group>"; };
		05B2815A22E78A0300110404 /* Signing.xcconfig */ = {isa = PBXFileReference; lastKnownFileType = text.xcconfig; path = Signing.xcconfig; sourceTree = "<group>"; };
		05B2815B22E78A0300110404 /* Architectures.xcconfig */ = {isa = PBXFileReference; lastKnownFileType = text.xcconfig; path = Architectures.xcconfig; sourceTree = "<group>"; };
		05B2815D22E78A0300110404 /* Issues.xcconfig */ = {isa = PBXFileReference; lastKnownFileType = text.xcconfig; path = Issues.xcconfig; sourceTree = "<group>"; };
		05B2815F22E78A0300110404 /* Apple-APIs.xcconfig */ = {isa = PBXFileReference; lastKnownFileType = text.xcconfig; path = "Apple-APIs.xcconfig"; sourceTree = "<group>"; };
		05B2816022E78A0300110404 /* Generic-Issues.xcconfig */ = {isa = PBXFileReference; lastKnownFileType = text.xcconfig; path = "Generic-Issues.xcconfig"; sourceTree = "<group>"; };
		05B2816122E78A0300110404 /* Security.xcconfig */ = {isa = PBXFileReference; lastKnownFileType = text.xcconfig; path = Security.xcconfig; sourceTree = "<group>"; };
		05B2816222E78A0300110404 /* Objective-C.xcconfig */ = {isa = PBXFileReference; lastKnownFileType = text.xcconfig; path = "Objective-C.xcconfig"; sourceTree = "<group>"; };
		05B2816322E78A0300110404 /* Analysis-Policy.xcconfig */ = {isa = PBXFileReference; lastKnownFileType = text.xcconfig; path = "Analysis-Policy.xcconfig"; sourceTree = "<group>"; };
		05B2816422E78A0300110404 /* Deployment.xcconfig */ = {isa = PBXFileReference; lastKnownFileType = text.xcconfig; path = Deployment.xcconfig; sourceTree = "<group>"; };
		05B2816522E78A0300110404 /* Build-Options.xcconfig */ = {isa = PBXFileReference; lastKnownFileType = text.xcconfig; path = "Build-Options.xcconfig"; sourceTree = "<group>"; };
		05B2816622E78A0300110404 /* Swift-Compiler.xcconfig */ = {isa = PBXFileReference; lastKnownFileType = text.xcconfig; path = "Swift-Compiler.xcconfig"; sourceTree = "<group>"; };
		05B2816722E78A0300110404 /* Static-Analyzer.xcconfig */ = {isa = PBXFileReference; lastKnownFileType = text.xcconfig; path = "Static-Analyzer.xcconfig"; sourceTree = "<group>"; };
		05B2816922E78A0300110404 /* Warnings-Policies.xcconfig */ = {isa = PBXFileReference; lastKnownFileType = text.xcconfig; path = "Warnings-Policies.xcconfig"; sourceTree = "<group>"; };
		05B2816A22E78A0300110404 /* Code-Generation.xcconfig */ = {isa = PBXFileReference; lastKnownFileType = text.xcconfig; path = "Code-Generation.xcconfig"; sourceTree = "<group>"; };
		05B2816B22E78A0300110404 /* Language.xcconfig */ = {isa = PBXFileReference; lastKnownFileType = text.xcconfig; path = Language.xcconfig; sourceTree = "<group>"; };
		05B2816C22E78A0300110404 /* General.xcconfig */ = {isa = PBXFileReference; lastKnownFileType = text.xcconfig; path = General.xcconfig; sourceTree = "<group>"; };
		05B2816D22E78A0300110404 /* Search-Paths.xcconfig */ = {isa = PBXFileReference; lastKnownFileType = text.xcconfig; path = "Search-Paths.xcconfig"; sourceTree = "<group>"; };
		05B2816E22E78A0300110404 /* Apple-LLVM.xcconfig */ = {isa = PBXFileReference; lastKnownFileType = text.xcconfig; path = "Apple-LLVM.xcconfig"; sourceTree = "<group>"; };
		05B2817122E78A0300110404 /* Modules.xcconfig */ = {isa = PBXFileReference; lastKnownFileType = text.xcconfig; path = Modules.xcconfig; sourceTree = "<group>"; };
		05B2817222E78A0300110404 /* Objective-C.xcconfig */ = {isa = PBXFileReference; lastKnownFileType = text.xcconfig; path = "Objective-C.xcconfig"; sourceTree = "<group>"; };
		05B2817322E78A0300110404 /* C++.xcconfig */ = {isa = PBXFileReference; lastKnownFileType = text.xcconfig; path = "C++.xcconfig"; sourceTree = "<group>"; };
		05B2817422E78A0300110404 /* Code-Generation.xcconfig */ = {isa = PBXFileReference; lastKnownFileType = text.xcconfig; path = "Code-Generation.xcconfig"; sourceTree = "<group>"; };
		05B2817522E78A0300110404 /* Address-Sanitizer.xcconfig */ = {isa = PBXFileReference; lastKnownFileType = text.xcconfig; path = "Address-Sanitizer.xcconfig"; sourceTree = "<group>"; };
		05B2817622E78A0300110404 /* Language.xcconfig */ = {isa = PBXFileReference; lastKnownFileType = text.xcconfig; path = Language.xcconfig; sourceTree = "<group>"; };
		05B2817722E78A0300110404 /* Warnings.xcconfig */ = {isa = PBXFileReference; lastKnownFileType = text.xcconfig; path = Warnings.xcconfig; sourceTree = "<group>"; };
		05B2817822E78A0300110404 /* Undefined-Behavior-Sanitizer.xcconfig */ = {isa = PBXFileReference; lastKnownFileType = text.xcconfig; path = "Undefined-Behavior-Sanitizer.xcconfig"; sourceTree = "<group>"; };
		05B2817922E78A0300110404 /* Warning-Policies.xcconfig */ = {isa = PBXFileReference; lastKnownFileType = text.xcconfig; path = "Warning-Policies.xcconfig"; sourceTree = "<group>"; };
		05B2817B22E78A0300110404 /* Objective-C-ARC.xcconfig */ = {isa = PBXFileReference; lastKnownFileType = text.xcconfig; path = "Objective-C-ARC.xcconfig"; sourceTree = "<group>"; };
		05B2817C22E78A0300110404 /* Objective-C.xcconfig */ = {isa = PBXFileReference; lastKnownFileType = text.xcconfig; path = "Objective-C.xcconfig"; sourceTree = "<group>"; };
		05B2817D22E78A0300110404 /* C++.xcconfig */ = {isa = PBXFileReference; lastKnownFileType = text.xcconfig; path = "C++.xcconfig"; sourceTree = "<group>"; };
		05B2817E22E78A0300110404 /* All-Languages.xcconfig */ = {isa = PBXFileReference; lastKnownFileType = text.xcconfig; path = "All-Languages.xcconfig"; sourceTree = "<group>"; };
		05B2817F22E78A0300110404 /* Preprocessing.xcconfig */ = {isa = PBXFileReference; lastKnownFileType = text.xcconfig; path = Preprocessing.xcconfig; sourceTree = "<group>"; };
		05B2818022E78A0300110404 /* .gitignore */ = {isa = PBXFileReference; lastKnownFileType = text; path = .gitignore; sourceTree = "<group>"; };
		05B2818222E78A0300110404 /* ccache-config.sh */ = {isa = PBXFileReference; lastKnownFileType = text.script.sh; path = "ccache-config.sh"; sourceTree = "<group>"; };
		05B2818322E78A0300110404 /* ccache.sh */ = {isa = PBXFileReference; lastKnownFileType = text.script.sh; path = ccache.sh; sourceTree = "<group>"; };
		05B2818522E78B7400110404 /* Engine.hpp */ = {isa = PBXFileReference; fileEncoding = 4; lastKnownFileType = sourcecode.cpp.h; path = Engine.hpp; sourceTree = "<group>"; };
		05B2818622E78B7400110404 /* Engine.cpp */ = {isa = PBXFileReference; fileEncoding = 4; lastKnownFileType = sourcecode.cpp.cpp; path = Engine.cpp; sourceTree = "<group>"; };
		05B2818822E7AA5300110404 /* Arguments.hpp */ = {isa = PBXFileReference; fileEncoding = 4; lastKnownFileType = sourcecode.cpp.h; path = Arguments.hpp; sourceTree = "<group>"; };
		05B2818922E7AA5300110404 /* Arguments.cpp */ = {isa = PBXFileReference; fileEncoding = 4; lastKnownFileType = sourcecode.cpp.cpp; path = Arguments.cpp; sourceTree = "<group>"; };
		05B2818B22E7AAA600110404 /* Casts.hpp */ = {isa = PBXFileReference; lastKnownFileType = sourcecode.cpp.h; path = Casts.hpp; sourceTree = "<group>"; };
		05B2818D22E7AC1300110404 /* Image.cpp */ = {isa = PBXFileReference; lastKnownFileType = sourcecode.cpp.cpp; path = Image.cpp; sourceTree = "<group>"; };
		05B2818E22E7AC1300110404 /* Image.hpp */ = {isa = PBXFileReference; lastKnownFileType = sourcecode.cpp.h; path = Image.hpp; sourceTree = "<group>"; };
		05B2819022E7AE8300110404 /* MBR.cpp */ = {isa = PBXFileReference; lastKnownFileType = sourcecode.cpp.cpp; path = MBR.cpp; sourceTree = "<group>"; };
		05B2819122E7AE8300110404 /* MBR.hpp */ = {isa = PBXFileReference; lastKnownFileType = sourcecode.cpp.h; path = MBR.hpp; sourceTree = "<group>"; };
		05B2819322E7AF1A00110404 /* BinaryDataStream.cpp */ = {isa = PBXFileReference; fileEncoding = 4; lastKnownFileType = sourcecode.cpp.cpp; path = BinaryDataStream.cpp; sourceTree = "<group>"; };
		05B2819422E7AF1A00110404 /* BinaryFileStream.cpp */ = {isa = PBXFileReference; fileEncoding = 4; lastKnownFileType = sourcecode.cpp.cpp; path = BinaryFileStream.cpp; sourceTree = "<group>"; };
		05B2819522E7AF1A00110404 /* BinaryFileStream.hpp */ = {isa = PBXFileReference; fileEncoding = 4; lastKnownFileType = sourcecode.cpp.h; path = BinaryFileStream.hpp; sourceTree = "<group>"; };
		05B2819622E7AF1A00110404 /* BinaryStream.cpp */ = {isa = PBXFileReference; fileEncoding = 4; lastKnownFileType = sourcecode.cpp.cpp; path = BinaryStream.cpp; sourceTree = "<group>"; };
		05B2819722E7AF1A00110404 /* BinaryDataStream.hpp */ = {isa = PBXFileReference; fileEncoding = 4; lastKnownFileType = sourcecode.cpp.h; path = BinaryDataStream.hpp; sourceTree = "<group>"; };
		05B2819822E7AF1A00110404 /* BinaryStream.hpp */ = {isa = PBXFileReference; fileEncoding = 4; lastKnownFileType = sourcecode.cpp.h; path = BinaryStream.hpp; sourceTree = "<group>"; };
/* End PBXFileReference section */

/* Begin PBXFrameworksBuildPhase section */
		05B2812C22E77AC700110404 /* Frameworks */ = {
			isa = PBXFrameworksBuildPhase;
			buildActionMask = 2147483647;
			files = (
			);
			runOnlyForDeploymentPostprocessing = 0;
		};
/* End PBXFrameworksBuildPhase section */

/* Begin PBXGroup section */
		05B2812622E77AC700110404 = {
			isa = PBXGroup;
			children = (
				05B2815222E78A0300110404 /* xcconfig */,
				05B2813122E77AC700110404 /* unicorn-bios */,
				05B2813022E77AC700110404 /* Products */,
			);
			sourceTree = "<group>";
		};
		05B2813022E77AC700110404 /* Products */ = {
			isa = PBXGroup;
			children = (
				05B2812F22E77AC700110404 /* unicorn-bios */,
			);
			name = Products;
			sourceTree = "<group>";
		};
		05B2813122E77AC700110404 /* unicorn-bios */ = {
			isa = PBXGroup;
			children = (
				05B2818422E78B7400110404 /* UB */,
				05B2813222E77AC700110404 /* main.cpp */,
			);
			path = "unicorn-bios";
			sourceTree = "<group>";
		};
		05B2815222E78A0300110404 /* xcconfig */ = {
			isa = PBXGroup;
			children = (
				05B2815322E78A0300110404 /* Release - ccache.xcconfig */,
				05B2815422E78A0300110404 /* Common.xcconfig */,
				05B2815522E78A0300110404 /* Debug - ccache.xcconfig */,
				05B2815622E78A0300110404 /* Debug.xcconfig */,
				05B2815722E78A0300110404 /* Release.xcconfig */,
				05B2815822E78A0300110404 /* README.md */,
				05B2815922E78A0300110404 /* Common */,
				05B2818022E78A0300110404 /* .gitignore */,
				05B2818122E78A0300110404 /* Scripts */,
			);
			name = xcconfig;
			path = Submodules/xcconfig;
			sourceTree = "<group>";
		};
		05B2815922E78A0300110404 /* Common */ = {
			isa = PBXGroup;
			children = (
				05B2815A22E78A0300110404 /* Signing.xcconfig */,
				05B2815B22E78A0300110404 /* Architectures.xcconfig */,
				05B2815C22E78A0300110404 /* Static-Analyzer */,
				05B2816422E78A0300110404 /* Deployment.xcconfig */,
				05B2816522E78A0300110404 /* Build-Options.xcconfig */,
				05B2816622E78A0300110404 /* Swift-Compiler.xcconfig */,
				05B2816722E78A0300110404 /* Static-Analyzer.xcconfig */,
				05B2816822E78A0300110404 /* Swift-Compiler */,
				05B2816D22E78A0300110404 /* Search-Paths.xcconfig */,
				05B2816E22E78A0300110404 /* Apple-LLVM.xcconfig */,
				05B2816F22E78A0300110404 /* Apple-LLVM */,
			);
			path = Common;
			sourceTree = "<group>";
		};
		05B2815C22E78A0300110404 /* Static-Analyzer */ = {
			isa = PBXGroup;
			children = (
				05B2815D22E78A0300110404 /* Issues.xcconfig */,
				05B2815E22E78A0300110404 /* Issues */,
			);
			path = "Static-Analyzer";
			sourceTree = "<group>";
		};
		05B2815E22E78A0300110404 /* Issues */ = {
			isa = PBXGroup;
			children = (
				05B2815F22E78A0300110404 /* Apple-APIs.xcconfig */,
				05B2816022E78A0300110404 /* Generic-Issues.xcconfig */,
				05B2816122E78A0300110404 /* Security.xcconfig */,
				05B2816222E78A0300110404 /* Objective-C.xcconfig */,
				05B2816322E78A0300110404 /* Analysis-Policy.xcconfig */,
			);
			path = Issues;
			sourceTree = "<group>";
		};
		05B2816822E78A0300110404 /* Swift-Compiler */ = {
			isa = PBXGroup;
			children = (
				05B2816922E78A0300110404 /* Warnings-Policies.xcconfig */,
				05B2816A22E78A0300110404 /* Code-Generation.xcconfig */,
				05B2816B22E78A0300110404 /* Language.xcconfig */,
				05B2816C22E78A0300110404 /* General.xcconfig */,
			);
			path = "Swift-Compiler";
			sourceTree = "<group>";
		};
		05B2816F22E78A0300110404 /* Apple-LLVM */ = {
			isa = PBXGroup;
			children = (
				05B2817022E78A0300110404 /* Language */,
				05B2817422E78A0300110404 /* Code-Generation.xcconfig */,
				05B2817522E78A0300110404 /* Address-Sanitizer.xcconfig */,
				05B2817622E78A0300110404 /* Language.xcconfig */,
				05B2817722E78A0300110404 /* Warnings.xcconfig */,
				05B2817822E78A0300110404 /* Undefined-Behavior-Sanitizer.xcconfig */,
				05B2817922E78A0300110404 /* Warning-Policies.xcconfig */,
				05B2817A22E78A0300110404 /* Warnings */,
				05B2817F22E78A0300110404 /* Preprocessing.xcconfig */,
			);
			path = "Apple-LLVM";
			sourceTree = "<group>";
		};
		05B2817022E78A0300110404 /* Language */ = {
			isa = PBXGroup;
			children = (
				05B2817122E78A0300110404 /* Modules.xcconfig */,
				05B2817222E78A0300110404 /* Objective-C.xcconfig */,
				05B2817322E78A0300110404 /* C++.xcconfig */,
			);
			path = Language;
			sourceTree = "<group>";
		};
		05B2817A22E78A0300110404 /* Warnings */ = {
			isa = PBXGroup;
			children = (
				05B2817B22E78A0300110404 /* Objective-C-ARC.xcconfig */,
				05B2817C22E78A0300110404 /* Objective-C.xcconfig */,
				05B2817D22E78A0300110404 /* C++.xcconfig */,
				05B2817E22E78A0300110404 /* All-Languages.xcconfig */,
			);
			path = Warnings;
			sourceTree = "<group>";
		};
		05B2818122E78A0300110404 /* Scripts */ = {
			isa = PBXGroup;
			children = (
				05B2818222E78A0300110404 /* ccache-config.sh */,
				05B2818322E78A0300110404 /* ccache.sh */,
			);
			path = Scripts;
			sourceTree = "<group>";
		};
		05B2818422E78B7400110404 /* UB */ = {
			isa = PBXGroup;
			children = (
				05B2818C22E7ABFF00110404 /* FAT */,
				05B2818922E7AA5300110404 /* Arguments.cpp */,
				05B2818822E7AA5300110404 /* Arguments.hpp */,
				05B2819322E7AF1A00110404 /* BinaryDataStream.cpp */,
				05B2819722E7AF1A00110404 /* BinaryDataStream.hpp */,
				05B2819422E7AF1A00110404 /* BinaryFileStream.cpp */,
				05B2819522E7AF1A00110404 /* BinaryFileStream.hpp */,
				05B2819622E7AF1A00110404 /* BinaryStream.cpp */,
				05B2819822E7AF1A00110404 /* BinaryStream.hpp */,
				05B2818B22E7AAA600110404 /* Casts.hpp */,
				05B2818522E78B7400110404 /* Engine.hpp */,
				05B2818622E78B7400110404 /* Engine.cpp */,
				053F365D22E892C5003BD8AC /* Interrupts.cpp */,
				053F365E22E892C5003BD8AC /* Interrupts.hpp */,
				058D772722E8B7F100FA58A4 /* Machine.cpp */,
				058D772822E8B7F100FA58A4 /* Machine.hpp */,
				058182F422E8CC1F008D1BFF /* String.cpp */,
				058182F522E8CC1F008D1BFF /* String.hpp */,
			);
			path = UB;
			sourceTree = "<group>";
		};
		05B2818C22E7ABFF00110404 /* FAT */ = {
			isa = PBXGroup;
			children = (
				05B2818D22E7AC1300110404 /* Image.cpp */,
				05B2818E22E7AC1300110404 /* Image.hpp */,
				05B2819022E7AE8300110404 /* MBR.cpp */,
				05B2819122E7AE8300110404 /* MBR.hpp */,
			);
			path = FAT;
			sourceTree = "<group>";
		};
/* End PBXGroup section */

/* Begin PBXNativeTarget section */
		05B2812E22E77AC700110404 /* unicorn-bios */ = {
			isa = PBXNativeTarget;
			buildConfigurationList = 05B2813622E77AC700110404 /* Build configuration list for PBXNativeTarget "unicorn-bios" */;
			buildPhases = (
				05B2812B22E77AC700110404 /* Sources */,
				05B2812C22E77AC700110404 /* Frameworks */,
				05B2812D22E77AC700110404 /* CopyFiles */,
			);
			buildRules = (
			);
			dependencies = (
			);
			name = "unicorn-bios";
			productName = "unicorn-bios";
			productReference = 05B2812F22E77AC700110404 /* unicorn-bios */;
			productType = "com.apple.product-type.tool";
		};
/* End PBXNativeTarget section */

/* Begin PBXProject section */
		05B2812722E77AC700110404 /* Project object */ = {
			isa = PBXProject;
			attributes = {
				LastUpgradeCheck = 1100;
				ORGANIZATIONNAME = "XS-Labs";
				TargetAttributes = {
					05B2812E22E77AC700110404 = {
						CreatedOnToolsVersion = 11.0;
					};
				};
			};
			buildConfigurationList = 05B2812A22E77AC700110404 /* Build configuration list for PBXProject "unicorn-bios" */;
			compatibilityVersion = "Xcode 9.3";
			developmentRegion = en;
			hasScannedForEncodings = 0;
			knownRegions = (
				en,
				Base,
			);
			mainGroup = 05B2812622E77AC700110404;
			productRefGroup = 05B2813022E77AC700110404 /* Products */;
			projectDirPath = "";
			projectRoot = "";
			targets = (
				05B2812E22E77AC700110404 /* unicorn-bios */,
			);
		};
/* End PBXProject section */

/* Begin PBXSourcesBuildPhase section */
		05B2812B22E77AC700110404 /* Sources */ = {
			isa = PBXSourcesBuildPhase;
			buildActionMask = 2147483647;
			files = (
				05B2813322E77AC700110404 /* main.cpp in Sources */,
				053F365F22E892C5003BD8AC /* Interrupts.cpp in Sources */,
				05B2818F22E7AC1300110404 /* Image.cpp in Sources */,
				058D772922E8B7F100FA58A4 /* Machine.cpp in Sources */,
				05B2819B22E7AF1A00110404 /* BinaryStream.cpp in Sources */,
				05B2819922E7AF1A00110404 /* BinaryDataStream.cpp in Sources */,
				05B2819A22E7AF1A00110404 /* BinaryFileStream.cpp in Sources */,
				05B2818A22E7AA5300110404 /* Arguments.cpp in Sources */,
				05B2819222E7AE8300110404 /* MBR.cpp in Sources */,
				058182F622E8CC1F008D1BFF /* String.cpp in Sources */,
				05B2818722E78B7400110404 /* Engine.cpp in Sources */,
			);
			runOnlyForDeploymentPostprocessing = 0;
		};
/* End PBXSourcesBuildPhase section */

/* Begin XCBuildConfiguration section */
		05B2813422E77AC700110404 /* Debug */ = {
			isa = XCBuildConfiguration;
			baseConfigurationReference = 05B2815622E78A0300110404 /* Debug.xcconfig */;
			buildSettings = {
				MACOSX_DEPLOYMENT_TARGET = 10.14;
			};
			name = Debug;
		};
		05B2813522E77AC700110404 /* Release */ = {
			isa = XCBuildConfiguration;
			baseConfigurationReference = 05B2815722E78A0300110404 /* Release.xcconfig */;
			buildSettings = {
				MACOSX_DEPLOYMENT_TARGET = 10.14;
			};
			name = Release;
		};
		05B2813722E77AC700110404 /* Debug */ = {
			isa = XCBuildConfiguration;
			buildSettings = {
				CODE_SIGN_IDENTITY = "";
				CODE_SIGN_STYLE = Manual;
				DEVELOPMENT_TEAM = "";
				GCC_GENERATE_TEST_COVERAGE_FILES = NO;
				GCC_INSTRUMENT_PROGRAM_FLOW_ARCS = NO;
				HEADER_SEARCH_PATHS = "Third-Party/include";
				LIBRARY_SEARCH_PATHS = "Third-Party/lib";
				OTHER_LDFLAGS = "-lunicorn";
				PRODUCT_NAME = "$(TARGET_NAME)";
				USER_HEADER_SEARCH_PATHS = "unicorn-bios";
			};
			name = Debug;
		};
		05B2813822E77AC700110404 /* Release */ = {
			isa = XCBuildConfiguration;
			buildSettings = {
				CODE_SIGN_STYLE = Manual;
				GCC_GENERATE_TEST_COVERAGE_FILES = NO;
				GCC_INSTRUMENT_PROGRAM_FLOW_ARCS = NO;
				HEADER_SEARCH_PATHS = "Third-Party/include";
				LIBRARY_SEARCH_PATHS = "Third-Party/lib";
				OTHER_LDFLAGS = "-lunicorn";
				PRODUCT_NAME = "$(TARGET_NAME)";
				USER_HEADER_SEARCH_PATHS = "unicorn-bios";
			};
			name = Release;
		};
/* End XCBuildConfiguration section */

/* Begin XCConfigurationList section */
		05B2812A22E77AC700110404 /* Build configuration list for PBXProject "unicorn-bios" */ = {
			isa = XCConfigurationList;
			buildConfigurations = (
				05B2813422E77AC700110404 /* Debug */,
				05B2813522E77AC700110404 /* Release */,
			);
			defaultConfigurationIsVisible = 0;
			defaultConfigurationName = Release;
		};
		05B2813622E77AC700110404 /* Build configuration list for PBXNativeTarget "unicorn-bios" */ = {
			isa = XCConfigurationList;
			buildConfigurations = (
				05B2813722E77AC700110404 /* Debug */,
				05B2813822E77AC700110404 /* Release */,
			);
			defaultConfigurationIsVisible = 0;
			defaultConfigurationName = Release;
		};
/* End XCConfigurationList section */
	};
	rootObject = 05B2812722E77AC700110404 /* Project object */;
}
